
Microsoft Visual Studio Solution File, Format Version 12.00
# Visual Studio Version 16
VisualStudioVersion = 16.0.31402.337
MinimumVisualStudioVersion = 10.0.40219.1
Project("{FAE04EC0-301F-11D3-BF4B-00C04F79EFBC}") = "ContosoUniversity", "ContosoUniversity.csproj", "{C07DDFDC-14F2-4982-AA15-A4EB11B54F11}"
EndProject
Global
	GlobalSection(SolutionConfigurationPlatforms) = preSolution
		Debug|Any CPU = Debug|Any CPU
		Release|Any CPU = Release|Any CPU
	EndGlobalSection
	GlobalSection(ProjectConfigurationPlatforms) = postSolution
		{C07DDFDC-14F2-4982-AA15-A4EB11B54F11}.Debug|Any CPU.ActiveCfg = Debug|Any CPU
		{C07DDFDC-14F2-4982-AA15-A4EB11B54F11}.Debug|Any CPU.Build.0 = Debug|Any CPU
		{C07DDFDC-14F2-4982-AA15-A4EB11B54F11}.Release|Any CPU.ActiveCfg = Release|Any CPU
		{C07DDFDC-14F2-4982-AA15-A4EB11B54F11}.Release|Any CPU.Build.0 = Release|Any CPU
	EndGlobalSection
	GlobalSection(SolutionProperties) = preSolution
		HideSolutionNode = FALSE
	EndGlobalSection
	GlobalSection(ExtensibilityGlobals) = postSolution
		SolutionGuid = {D589A6B7-8648-4C32-8D31-C3B884B32693}
	EndGlobalSection
EndGlobal
